
Microsoft Visual Studio Solution File, Format Version 12.00
# Visual Studio Version 16
VisualStudioVersion = 16.0.31515.178
MinimumVisualStudioVersion = 10.0.40219.1
Project("{9A19103F-16F7-4668-BE54-9A1E7A4F7556}") = "Microservice", "Microservice.csproj", "{7D678FCA-D8AD-4CFB-93F2-8911FBB8B454}"
EndProject
Global
	GlobalSection(SolutionConfigurationPlatforms) = preSolution
		Debug|Any CPU = Debug|Any CPU
		Release|Any CPU = Release|Any CPU
	EndGlobalSection
	GlobalSection(ProjectConfigurationPlatforms) = postSolution
		{7D678FCA-D8AD-4CFB-93F2-8911FBB8B454}.Debug|Any CPU.ActiveCfg = Debug|Any CPU
		{7D678FCA-D8AD-4CFB-93F2-8911FBB8B454}.Debug|Any CPU.Build.0 = Debug|Any CPU
		{7D678FCA-D8AD-4CFB-93F2-8911FBB8B454}.Release|Any CPU.ActiveCfg = Release|Any CPU
		{7D678FCA-D8AD-4CFB-93F2-8911FBB8B454}.Release|Any CPU.Build.0 = Release|Any CPU
	EndGlobalSection
	GlobalSection(SolutionProperties) = preSolution
		HideSolutionNode = FALSE
	EndGlobalSection
	GlobalSection(ExtensibilityGlobals) = postSolution
		SolutionGuid = {C44E126B-79A6-40AA-A135-0D1FFF9E4C40}
	EndGlobalSection
EndGlobal
